PODS:
  - SWCircularProgress (0.1.0)

DEPENDENCIES:
  - SWCircularProgress (from `../`)

EXTERNAL SOURCES:
  SWCircularProgress:
    :path: "../"

SPEC CHECKSUMS:
  SWCircularProgress: 5997109d61b0319146ea905731e7bfb379ca738b

PODFILE CHECKSUM: 00885e1a828c9e386d61354ad4ce7f997be1882c

COCOAPODS: 1.9.1
